// !$*UTF8*$!
{
	archiveVersion = 1;
	classes = {
	};
	objectVersion = 50;
	objects = {

/* Begin PBXBuildFile section */
		C51C2CAE251FA1C40094EE74 /* AppDelegate.swift in Sources */ = {isa = PBXBuildFile; fileRef = C51C2CAD251FA1C40094EE74 /* AppDelegate.swift */; };
		C51C2CB0251FA1C40094EE74 /* SceneDelegate.swift in Sources */ = {isa = PBXBuildFile; fileRef = C51C2CAF251FA1C40094EE74 /* SceneDelegate.swift */; };
		C51C2CB2251FA1C40094EE74 /* ViewController.swift in Sources */ = {isa = PBXBuildFile; fileRef = C51C2CB1251FA1C40094EE74 /* ViewController.swift */; };
		C51C2CB5251FA1C40094EE74 /* Main.storyboard in Resources */ = {isa = PBXBuildFile; fileRef = C51C2CB3251FA1C40094EE74 /* Main.storyboard */; };
		C51C2CB8251FA1C40094EE74 /* Radius.xcdatamodeld in Sources */ = {isa = PBXBuildFile; fileRef = C51C2CB6251FA1C40094EE74 /* Radius.xcdatamodeld */; };
		C51C2CBA251FA1C60094EE74 /* Assets.xcassets in Resources */ = {isa = PBXBuildFile; fileRef = C51C2CB9251FA1C60094EE74 /* Assets.xcassets */; };
		C51C2CBD251FA1C60094EE74 /* LaunchScreen.storyboard in Resources */ = {isa = PBXBuildFile; fileRef = C51C2CBB251FA1C60094EE74 /* LaunchScreen.storyboard */; };
		C51C2CC6251FA2530094EE74 /* ViewController.swift in Sources */ = {isa = PBXBuildFile; fileRef = C51C2CC5251FA2530094EE74 /* ViewController.swift */; };
		C51C2CC8251FA2710094EE74 /* SignUpViewController.swift in Sources */ = {isa = PBXBuildFile; fileRef = C51C2CC7251FA2710094EE74 /* SignUpViewController.swift */; };
		C51C2CCA251FA29C0094EE74 /* LoginViewController.swift in Sources */ = {isa = PBXBuildFile; fileRef = C51C2CC9251FA29C0094EE74 /* LoginViewController.swift */; };
		C51C2CCC251FA2B10094EE74 /* Utilities.swift in Sources */ = {isa = PBXBuildFile; fileRef = C51C2CCB251FA2B10094EE74 /* Utilities.swift */; };
		C51C2CCF251FA2FD0094EE74 /* ReportViewController.swift in Sources */ = {isa = PBXBuildFile; fileRef = C51C2CCE251FA2FD0094EE74 /* ReportViewController.swift */; };
		C51C2CD1251FA3300094EE74 /* LocationsViewController.swift in Sources */ = {isa = PBXBuildFile; fileRef = C51C2CD0251FA3300094EE74 /* LocationsViewController.swift */; };
		C51C2CD3251FA3750094EE74 /* NavViewController.swift in Sources */ = {isa = PBXBuildFile; fileRef = C51C2CD2251FA3750094EE74 /* NavViewController.swift */; };
		C51C2CD5251FA38B0094EE74 /* TimingsViewController.swift in Sources */ = {isa = PBXBuildFile; fileRef = C51C2CD4251FA38B0094EE74 /* TimingsViewController.swift */; };
		C51C2CD7251FA3AC0094EE74 /* MapViewController.swift in Sources */ = {isa = PBXBuildFile; fileRef = C51C2CD6251FA3AC0094EE74 /* MapViewController.swift */; };
		C51C2CD9251FA3D30094EE74 /* MapTabViewController.swift in Sources */ = {isa = PBXBuildFile; fileRef = C51C2CD8251FA3D30094EE74 /* MapTabViewController.swift */; };
		C51C2CDB251FA40A0094EE74 /* RadarControl.swift in Sources */ = {isa = PBXBuildFile; fileRef = C51C2CDA251FA40A0094EE74 /* RadarControl.swift */; };
		C51C2CDD251FA4770094EE74 /* HomeTabViewController.swift in Sources */ = {isa = PBXBuildFile; fileRef = C51C2CDC251FA4770094EE74 /* HomeTabViewController.swift */; };
		C51C2CDF251FA4B40094EE74 /* LocationTableViewCell.swift in Sources */ = {isa = PBXBuildFile; fileRef = C51C2CDE251FA4B40094EE74 /* LocationTableViewCell.swift */; };
/* End PBXBuildFile section */

/* Begin PBXFileReference section */
		C51C2CAA251FA1C40094EE74 /* Radius.app */ = {isa = PBXFileReference; explicitFileType = wrapper.application; includeInIndex = 0; path = Radius.app; sourceTree = BUILT_PRODUCTS_DIR; };
		C51C2CAD251FA1C40094EE74 /* AppDelegate.swift */ = {isa = PBXFileReference; lastKnownFileType = sourcecode.swift; path = AppDelegate.swift; sourceTree = "<group>"; };
		C51C2CAF251FA1C40094EE74 /* SceneDelegate.swift */ = {isa = PBXFileReference; lastKnownFileType = sourcecode.swift; path = SceneDelegate.swift; sourceTree = "<group>"; };
		C51C2CB1251FA1C40094EE74 /* ViewController.swift */ = {isa = PBXFileReference; lastKnownFileType = sourcecode.swift; path = ViewController.swift; sourceTree = "<group>"; };
		C51C2CB4251FA1C40094EE74 /* Base */ = {isa = PBXFileReference; lastKnownFileType = file.storyboard; name = Base; path = Base.lproj/Main.storyboard; sourceTree = "<group>"; };
		C51C2CB7251FA1C40094EE74 /* Radius.xcdatamodel */ = {isa = PBXFileReference; lastKnownFileType = wrapper.xcdatamodel; path = Radius.xcdatamodel; sourceTree = "<group>"; };
		C51C2CB9251FA1C60094EE74 /* Assets.xcassets */ = {isa = PBXFileReference; lastKnownFileType = folder.assetcatalog; path = Assets.xcassets; sourceTree = "<group>"; };
		C51C2CBC251FA1C60094EE74 /* Base */ = {isa = PBXFileReference; lastKnownFileType = file.storyboard; name = Base; path = Base.lproj/LaunchScreen.storyboard; sourceTree = "<group>"; };
		C51C2CBE251FA1C60094EE74 /* Info.plist */ = {isa = PBXFileReference; lastKnownFileType = text.plist.xml; path = Info.plist; sourceTree = "<group>"; };
		C51C2CC5251FA2530094EE74 /* ViewController.swift */ = {isa = PBXFileReference; lastKnownFileType = sourcecode.swift; path = ViewController.swift; sourceTree = "<group>"; };
		C51C2CC7251FA2710094EE74 /* SignUpViewController.swift */ = {isa = PBXFileReference; lastKnownFileType = sourcecode.swift; path = SignUpViewController.swift; sourceTree = "<group>"; };
		C51C2CC9251FA29C0094EE74 /* LoginViewController.swift */ = {isa = PBXFileReference; lastKnownFileType = sourcecode.swift; path = LoginViewController.swift; sourceTree = "<group>"; };
		C51C2CCB251FA2B10094EE74 /* Utilities.swift */ = {isa = PBXFileReference; lastKnownFileType = sourcecode.swift; path = Utilities.swift; sourceTree = "<group>"; };
		C51C2CCE251FA2FD0094EE74 /* ReportViewController.swift */ = {isa = PBXFileReference; lastKnownFileType = sourcecode.swift; path = ReportViewController.swift; sourceTree = "<group>"; };
		C51C2CD0251FA3300094EE74 /* LocationsViewController.swift */ = {isa = PBXFileReference; lastKnownFileType = sourcecode.swift; path = LocationsViewController.swift; sourceTree = "<group>"; };
		C51C2CD2251FA3750094EE74 /* NavViewController.swift */ = {isa = PBXFileReference; lastKnownFileType = sourcecode.swift; path = NavViewController.swift; sourceTree = "<group>"; };
		C51C2CD4251FA38B0094EE74 /* TimingsViewController.swift */ = {isa = PBXFileReference; lastKnownFileType = sourcecode.swift; path = TimingsViewController.swift; sourceTree = "<group>"; };
		C51C2CD6251FA3AC0094EE74 /* MapViewController.swift */ = {isa = PBXFileReference; lastKnownFileType = sourcecode.swift; path = MapViewController.swift; sourceTree = "<group>"; };
		C51C2CD8251FA3D30094EE74 /* MapTabViewController.swift */ = {isa = PBXFileReference; lastKnownFileType = sourcecode.swift; path = MapTabViewController.swift; sourceTree = "<group>"; };
		C51C2CDA251FA40A0094EE74 /* RadarControl.swift */ = {isa = PBXFileReference; lastKnownFileType = sourcecode.swift; path = RadarControl.swift; sourceTree = "<group>"; };
		C51C2CDC251FA4770094EE74 /* HomeTabViewController.swift */ = {isa = PBXFileReference; lastKnownFileType = sourcecode.swift; path = HomeTabViewController.swift; sourceTree = "<group>"; };
		C51C2CDE251FA4B40094EE74 /* LocationTableViewCell.swift */ = {isa = PBXFileReference; lastKnownFileType = sourcecode.swift; path = LocationTableViewCell.swift; sourceTree = "<group>"; };
/* End PBXFileReference section */

/* Begin PBXFrameworksBuildPhase section */
		C51C2CA7251FA1C40094EE74 /* Frameworks */ = {
			isa = PBXFrameworksBuildPhase;
			buildActionMask = 2147483647;
			files = (
			);
			runOnlyForDeploymentPostprocessing = 0;
		};
/* End PBXFrameworksBuildPhase section */

/* Begin PBXGroup section */
		C51C2CA1251FA1C40094EE74 = {
			isa = PBXGroup;
			children = (
				C51C2CAC251FA1C40094EE74 /* Radius */,
				C51C2CAB251FA1C40094EE74 /* Products */,
			);
			sourceTree = "<group>";
		};
		C51C2CAB251FA1C40094EE74 /* Products */ = {
			isa = PBXGroup;
			children = (
				C51C2CAA251FA1C40094EE74 /* Radius.app */,
			);
			name = Products;
			sourceTree = "<group>";
		};
		C51C2CAC251FA1C40094EE74 /* Radius */ = {
			isa = PBXGroup;
			children = (
				C51C2CAD251FA1C40094EE74 /* AppDelegate.swift */,
				C51C2CC4251FA2360094EE74 /* Firebase VC's */,
				C51C2CAF251FA1C40094EE74 /* SceneDelegate.swift */,
				C51C2CCD251FA2D90094EE74 /* Feature VC's */,
				C51C2CB1251FA1C40094EE74 /* ViewController.swift */,
				C51C2CD2251FA3750094EE74 /* NavViewController.swift */,
				C51C2CD4251FA38B0094EE74 /* TimingsViewController.swift */,
				C51C2CD6251FA3AC0094EE74 /* MapViewController.swift */,
				C51C2CD8251FA3D30094EE74 /* MapTabViewController.swift */,
				C51C2CDA251FA40A0094EE74 /* RadarControl.swift */,
				C51C2CDC251FA4770094EE74 /* HomeTabViewController.swift */,
				C51C2CDE251FA4B40094EE74 /* LocationTableViewCell.swift */,
				C51C2CB3251FA1C40094EE74 /* Main.storyboard */,
				C51C2CB9251FA1C60094EE74 /* Assets.xcassets */,
				C51C2CBB251FA1C60094EE74 /* LaunchScreen.storyboard */,
				C51C2CBE251FA1C60094EE74 /* Info.plist */,
				C51C2CB6251FA1C40094EE74 /* Radius.xcdatamodeld */,
			);
			path = Radius;
			sourceTree = "<group>";
		};
		C51C2CC4251FA2360094EE74 /* Firebase VC's */ = {
			isa = PBXGroup;
			children = (
				C51C2CC5251FA2530094EE74 /* ViewController.swift */,
				C51C2CC7251FA2710094EE74 /* SignUpViewController.swift */,
				C51C2CC9251FA29C0094EE74 /* LoginViewController.swift */,
				C51C2CCB251FA2B10094EE74 /* Utilities.swift */,
			);
			path = "Firebase VC's";
			sourceTree = "<group>";
		};
		C51C2CCD251FA2D90094EE74 /* Feature VC's */ = {
			isa = PBXGroup;
			children = (
				C51C2CCE251FA2FD0094EE74 /* ReportViewController.swift */,
				C51C2CD0251FA3300094EE74 /* LocationsViewController.swift */,
			);
			path = "Feature VC's";
			sourceTree = "<group>";
		};
/* End PBXGroup section */

/* Begin PBXNativeTarget section */
		C51C2CA9251FA1C40094EE74 /* Radius */ = {
			isa = PBXNativeTarget;
			buildConfigurationList = C51C2CC1251FA1C60094EE74 /* Build configuration list for PBXNativeTarget "Radius" */;
			buildPhases = (
				C51C2CA6251FA1C40094EE74 /* Sources */,
				C51C2CA7251FA1C40094EE74 /* Frameworks */,
				C51C2CA8251FA1C40094EE74 /* Resources */,
			);
			buildRules = (
			);
			dependencies = (
			);
			name = Radius;
			productName = Radius;
			productReference = C51C2CAA251FA1C40094EE74 /* Radius.app */;
			productType = "com.apple.product-type.application";
		};
/* End PBXNativeTarget section */

/* Begin PBXProject section */
		C51C2CA2251FA1C40094EE74 /* Project object */ = {
			isa = PBXProject;
			attributes = {
				LastSwiftUpdateCheck = 1160;
				LastUpgradeCheck = 1160;
				ORGANIZATIONNAME = "Yatharth Chhabra";
				TargetAttributes = {
					C51C2CA9251FA1C40094EE74 = {
						CreatedOnToolsVersion = 11.6;
					};
				};
			};
			buildConfigurationList = C51C2CA5251FA1C40094EE74 /* Build configuration list for PBXProject "Radius" */;
			compatibilityVersion = "Xcode 9.3";
			developmentRegion = en;
			hasScannedForEncodings = 0;
			knownRegions = (
				en,
				Base,
			);
			mainGroup = C51C2CA1251FA1C40094EE74;
			productRefGroup = C51C2CAB251FA1C40094EE74 /* Products */;
			projectDirPath = "";
			projectRoot = "";
			targets = (
				C51C2CA9251FA1C40094EE74 /* Radius */,
			);
		};
/* End PBXProject section */

/* Begin PBXResourcesBuildPhase section */
		C51C2CA8251FA1C40094EE74 /* Resources */ = {
			isa = PBXResourcesBuildPhase;
			buildActionMask = 2147483647;
			files = (
				C51C2CBD251FA1C60094EE74 /* LaunchScreen.storyboard in Resources */,
				C51C2CBA251FA1C60094EE74 /* Assets.xcassets in Resources */,
				C51C2CB5251FA1C40094EE74 /* Main.storyboard in Resources */,
			);
			runOnlyForDeploymentPostprocessing = 0;
		};
/* End PBXResourcesBuildPhase section */

/* Begin PBXSourcesBuildPhase section */
		C51C2CA6251FA1C40094EE74 /* Sources */ = {
			isa = PBXSourcesBuildPhase;
			buildActionMask = 2147483647;
			files = (
				C51C2CD5251FA38B0094EE74 /* TimingsViewController.swift in Sources */,
				C51C2CCA251FA29C0094EE74 /* LoginViewController.swift in Sources */,
				C51C2CDB251FA40A0094EE74 /* RadarControl.swift in Sources */,
				C51C2CD1251FA3300094EE74 /* LocationsViewController.swift in Sources */,
				C51C2CD9251FA3D30094EE74 /* MapTabViewController.swift in Sources */,
				C51C2CDD251FA4770094EE74 /* HomeTabViewController.swift in Sources */,
				C51C2CD3251FA3750094EE74 /* NavViewController.swift in Sources */,
				C51C2CC8251FA2710094EE74 /* SignUpViewController.swift in Sources */,
				C51C2CC6251FA2530094EE74 /* ViewController.swift in Sources */,
				C51C2CD7251FA3AC0094EE74 /* MapViewController.swift in Sources */,
				C51C2CB2251FA1C40094EE74 /* ViewController.swift in Sources */,
				C51C2CAE251FA1C40094EE74 /* AppDelegate.swift in Sources */,
				C51C2CCF251FA2FD0094EE74 /* ReportViewController.swift in Sources */,
				C51C2CB0251FA1C40094EE74 /* SceneDelegate.swift in Sources */,
				C51C2CCC251FA2B10094EE74 /* Utilities.swift in Sources */,
				C51C2CB8251FA1C40094EE74 /* Radius.xcdatamodeld in Sources */,
				C51C2CDF251FA4B40094EE74 /* LocationTableViewCell.swift in Sources */,
			);
			runOnlyForDeploymentPostprocessing = 0;
		};
/* End PBXSourcesBuildPhase section */

/* Begin PBXVariantGroup section */
		C51C2CB3251FA1C40094EE74 /* Main.storyboard */ = {
			isa = PBXVariantGroup;
			children = (
				C51C2CB4251FA1C40094EE74 /* Base */,
			);
			name = Main.storyboard;
			sourceTree = "<group>";
		};
		C51C2CBB251FA1C60094EE74 /* LaunchScreen.storyboard */ = {
			isa = PBXVariantGroup;
			children = (
				C51C2CBC251FA1C60094EE74 /* Base */,
			);
			name = LaunchScreen.storyboard;
			sourceTree = "<group>";
		};
/* End PBXVariantGroup section */

/* Begin XCBuildConfiguration section */
		C51C2CBF251FA1C60094EE74 /* Debug */ = {
			isa = XCBuildConfiguration;
			buildSettings = {
				ALWAYS_SEARCH_USER_PATHS = NO;
				CLANG_ANALYZER_NONNULL = YES;
				CLANG_ANALYZER_NUMBER_OBJECT_CONVERSION = YES_AGGRESSIVE;
				CLANG_CXX_LANGUAGE_STANDARD = "gnu++14";
				CLANG_CXX_LIBRARY = "libc++";
				CLANG_ENABLE_MODULES = YES;
				CLANG_ENABLE_OBJC_ARC = YES;
				CLANG_ENABLE_OBJC_WEAK = YES;
				CLANG_WARN_BLOCK_CAPTURE_AUTORELEASING = YES;
				CLANG_WARN_BOOL_CONVERSION = YES;
				CLANG_WARN_COMMA = YES;
				CLANG_WARN_CONSTANT_CONVERSION = YES;
				CLANG_WARN_DEPRECATED_OBJC_IMPLEMENTATIONS = YES;
				CLANG_WARN_DIRECT_OBJC_ISA_USAGE = YES_ERROR;
				CLANG_WARN_DOCUMENTATION_COMMENTS = YES;
				CLANG_WARN_EMPTY_BODY = YES;
				CLANG_WARN_ENUM_CONVERSION = YES;
				CLANG_WARN_INFINITE_RECURSION = YES;
				CLANG_WARN_INT_CONVERSION = YES;
				CLANG_WARN_NON_LITERAL_NULL_CONVERSION = YES;
				CLANG_WARN_OBJC_IMPLICIT_RETAIN_SELF = YES;
				CLANG_WARN_OBJC_LITERAL_CONVERSION = YES;
				CLANG_WARN_OBJC_ROOT_CLASS = YES_ERROR;
				CLANG_WARN_RANGE_LOOP_ANALYSIS = YES;
				CLANG_WARN_STRICT_PROTOTYPES = YES;
				CLANG_WARN_SUSPICIOUS_MOVE = YES;
				CLANG_WARN_UNGUARDED_AVAILABILITY = YES_AGGRESSIVE;
				CLANG_WARN_UNREACHABLE_CODE = YES;
				CLANG_WARN__DUPLICATE_METHOD_MATCH = YES;
				COPY_PHASE_STRIP = NO;
				DEBUG_INFORMATION_FORMAT = dwarf;
				ENABLE_STRICT_OBJC_MSGSEND = YES;
				ENABLE_TESTABILITY = YES;
				GCC_C_LANGUAGE_STANDARD = gnu11;
				GCC_DYNAMIC_NO_PIC = NO;
				GCC_NO_COMMON_BLOCKS = YES;
				GCC_OPTIMIZATION_LEVEL = 0;
				GCC_PREPROCESSOR_DEFINITIONS = (
					"DEBUG=1",
					"$(inherited)",
				);
				GCC_WARN_64_TO_32_BIT_CONVERSION = YES;
				GCC_WARN_ABOUT_RETURN_TYPE = YES_ERROR;
				GCC_WARN_UNDECLARED_SELECTOR = YES;
				GCC_WARN_UNINITIALIZED_AUTOS = YES_AGGRESSIVE;
				GCC_WARN_UNUSED_FUNCTION = YES;
				GCC_WARN_UNUSED_VARIABLE = YES;
				IPHONEOS_DEPLOYMENT_TARGET = 13.6;
				MTL_ENABLE_DEBUG_INFO = INCLUDE_SOURCE;
				MTL_FAST_MATH = YES;
				ONLY_ACTIVE_ARCH = YES;
				SDKROOT = iphoneos;
				SWIFT_ACTIVE_COMPILATION_CONDITIONS = DEBUG;
				SWIFT_OPTIMIZATION_LEVEL = "-Onone";
			};
			name = Debug;
		};
		C51C2CC0251FA1C60094EE74 /* Release */ = {
			isa = XCBuildConfiguration;
			buildSettings = {
				ALWAYS_SEARCH_USER_PATHS = NO;
				CLANG_ANALYZER_NONNULL = YES;
				CLANG_ANALYZER_NUMBER_OBJECT_CONVERSION = YES_AGGRESSIVE;
				CLANG_CXX_LANGUAGE_STANDARD = "gnu++14";
				CLANG_CXX_LIBRARY = "libc++";
				CLANG_ENABLE_MODULES = YES;
				CLANG_ENABLE_OBJC_ARC = YES;
				CLANG_ENABLE_OBJC_WEAK = YES;
				CLANG_WARN_BLOCK_CAPTURE_AUTORELEASING = YES;
				CLANG_WARN_BOOL_CONVERSION = YES;
				CLANG_WARN_COMMA = YES;
				CLANG_WARN_CONSTANT_CONVERSION = YES;
				CLANG_WARN_DEPRECATED_OBJC_IMPLEMENTATIONS = YES;
				CLANG_WARN_DIRECT_OBJC_ISA_USAGE = YES_ERROR;
				CLANG_WARN_DOCUMENTATION_COMMENTS = YES;
				CLANG_WARN_EMPTY_BODY = YES;
				CLANG_WARN_ENUM_CONVERSION = YES;
				CLANG_WARN_INFINITE_RECURSION = YES;
				CLANG_WARN_INT_CONVERSION = YES;
				CLANG_WARN_NON_LITERAL_NULL_CONVERSION = YES;
				CLANG_WARN_OBJC_IMPLICIT_RETAIN_SELF = YES;
				CLANG_WARN_OBJC_LITERAL_CONVERSION = YES;
				CLANG_WARN_OBJC_ROOT_CLASS = YES_ERROR;
				CLANG_WARN_RANGE_LOOP_ANALYSIS = YES;
				CLANG_WARN_STRICT_PROTOTYPES = YES;
				CLANG_WARN_SUSPICIOUS_MOVE = YES;
				CLANG_WARN_UNGUARDED_AVAILABILITY = YES_AGGRESSIVE;
				CLANG_WARN_UNREACHABLE_CODE = YES;
				CLANG_WARN__DUPLICATE_METHOD_MATCH = YES;
				COPY_PHASE_STRIP = NO;
				DEBUG_INFORMATION_FORMAT = "dwarf-with-dsym";
				ENABLE_NS_ASSERTIONS = NO;
				ENABLE_STRICT_OBJC_MSGSEND = YES;
				GCC_C_LANGUAGE_STANDARD = gnu11;
				GCC_NO_COMMON_BLOCKS = YES;
				GCC_WARN_64_TO_32_BIT_CONVERSION = YES;
				GCC_WARN_ABOUT_RETURN_TYPE = YES_ERROR;
				GCC_WARN_UNDECLARED_SELECTOR = YES;
				GCC_WARN_UNINITIALIZED_AUTOS = YES_AGGRESSIVE;
				GCC_WARN_UNUSED_FUNCTION = YES;
				GCC_WARN_UNUSED_VARIABLE = YES;
				IPHONEOS_DEPLOYMENT_TARGET = 13.6;
				MTL_ENABLE_DEBUG_INFO = NO;
				MTL_FAST_MATH = YES;
				SDKROOT = iphoneos;
				SWIFT_COMPILATION_MODE = wholemodule;
				SWIFT_OPTIMIZATION_LEVEL = "-O";
				VALIDATE_PRODUCT = YES;
			};
			name = Release;
		};
		C51C2CC2251FA1C60094EE74 /* Debug */ = {
			isa = XCBuildConfiguration;
			buildSettings = {
				ASSETCATALOG_COMPILER_APPICON_NAME = AppIcon;
				CODE_SIGN_STYLE = Automatic;
				DEVELOPMENT_TEAM = 6WM3L6GXTU;
				INFOPLIST_FILE = Radius/Info.plist;
				LD_RUNPATH_SEARCH_PATHS = (
					"$(inherited)",
					"@executable_path/Frameworks",
				);
				PRODUCT_BUNDLE_IDENTIFIER = com.example.69784870.Radius;
				PRODUCT_NAME = "$(TARGET_NAME)";
				SWIFT_VERSION = 5.0;
				TARGETED_DEVICE_FAMILY = "1,2";
			};
			name = Debug;
		};
		C51C2CC3251FA1C60094EE74 /* Release */ = {
			isa = XCBuildConfiguration;
			buildSettings = {
				ASSETCATALOG_COMPILER_APPICON_NAME = AppIcon;
				CODE_SIGN_STYLE = Automatic;
				DEVELOPMENT_TEAM = 6WM3L6GXTU;
				INFOPLIST_FILE = Radius/Info.plist;
				LD_RUNPATH_SEARCH_PATHS = (
					"$(inherited)",
					"@executable_path/Frameworks",
				);
				PRODUCT_BUNDLE_IDENTIFIER = com.example.69784870.Radius;
				PRODUCT_NAME = "$(TARGET_NAME)";
				SWIFT_VERSION = 5.0;
				TARGETED_DEVICE_FAMILY = "1,2";
			};
			name = Release;
		};
/* End XCBuildConfiguration section */

/* Begin XCConfigurationList section */
		C51C2CA5251FA1C40094EE74 /* Build configuration list for PBXProject "Radius" */ = {
			isa = XCConfigurationList;
			buildConfigurations = (
				C51C2CBF251FA1C60094EE74 /* Debug */,
				C51C2CC0251FA1C60094EE74 /* Release */,
			);
			defaultConfigurationIsVisible = 0;
			defaultConfigurationName = Release;
		};
		C51C2CC1251FA1C60094EE74 /* Build configuration list for PBXNativeTarget "Radius" */ = {
			isa = XCConfigurationList;
			buildConfigurations = (
				C51C2CC2251FA1C60094EE74 /* Debug */,
				C51C2CC3251FA1C60094EE74 /* Release */,
			);
			defaultConfigurationIsVisible = 0;
			defaultConfigurationName = Release;
		};
/* End XCConfigurationList section */

/* Begin XCVersionGroup section */
		C51C2CB6251FA1C40094EE74 /* Radius.xcdatamodeld */ = {
			isa = XCVersionGroup;
			children = (
				C51C2CB7251FA1C40094EE74 /* Radius.xcdatamodel */,
			);
			currentVersion = C51C2CB7251FA1C40094EE74 /* Radius.xcdatamodel */;
			path = Radius.xcdatamodeld;
			sourceTree = "<group>";
			versionGroupType = wrapper.xcdatamodel;
		};
/* End XCVersionGroup section */
	};
	rootObject = C51C2CA2251FA1C40094EE74 /* Project object */;
}
